
Microsoft Visual Studio Solution File, Format Version 12.00
# Visual Studio Version 17
VisualStudioVersion = 17.5.002.0
MinimumVisualStudioVersion = 10.0.40219.1
Project("{9A19103F-16F7-4668-BE54-9A1E7A4F7556}") = "PierresDistribution", "PierresDistribution\PierresDistribution.csproj", "{5E3E3BFC-A6BC-4FC5-BD35-6FE388746EC1}"
EndProject
Project("{9A19103F-16F7-4668-BE54-9A1E7A4F7556}") = "PierresDistribution.Tests", "PierresDistribution.Tests\PierresDistribution.Tests.csproj", "{F5471D9B-4AFC-45F0-BD00-DC93E688F393}"
EndProject
Global
	GlobalSection(SolutionConfigurationPlatforms) = preSolution
		Debug|Any CPU = Debug|Any CPU
		Release|Any CPU = Release|Any CPU
	EndGlobalSection
	GlobalSection(ProjectConfigurationPlatforms) = postSolution
		{5E3E3BFC-A6BC-4FC5-BD35-6FE388746EC1}.Debug|Any CPU.ActiveCfg = Debug|Any CPU
		{5E3E3BFC-A6BC-4FC5-BD35-6FE388746EC1}.Debug|Any CPU.Build.0 = Debug|Any CPU
		{5E3E3BFC-A6BC-4FC5-BD35-6FE388746EC1}.Release|Any CPU.ActiveCfg = Release|Any CPU
		{5E3E3BFC-A6BC-4FC5-BD35-6FE388746EC1}.Release|Any CPU.Build.0 = Release|Any CPU
		{F5471D9B-4AFC-45F0-BD00-DC93E688F393}.Debug|Any CPU.ActiveCfg = Debug|Any CPU
		{F5471D9B-4AFC-45F0-BD00-DC93E688F393}.Debug|Any CPU.Build.0 = Debug|Any CPU
		{F5471D9B-4AFC-45F0-BD00-DC93E688F393}.Release|Any CPU.ActiveCfg = Release|Any CPU
		{F5471D9B-4AFC-45F0-BD00-DC93E688F393}.Release|Any CPU.Build.0 = Release|Any CPU
	EndGlobalSection
	GlobalSection(SolutionProperties) = preSolution
		HideSolutionNode = FALSE
	EndGlobalSection
	GlobalSection(ExtensibilityGlobals) = postSolution
		SolutionGuid = {48F26AB1-AD04-4228-B8E7-47A1F2134C37}
	EndGlobalSection
EndGlobal
